
Microsoft Visual Studio Solution File, Format Version 12.00
# Visual Studio 15
VisualStudioVersion = 15.0.28307.852
MinimumVisualStudioVersion = 10.0.40219.1
Project("{FAE04EC0-301F-11D3-BF4B-00C04F79EFBC}") = "Main", "Main\Main.csproj", "{97A9E028-AFF1-4F31-95C7-FEC1DAD049C0}"
EndProject
Project("{FAE04EC0-301F-11D3-BF4B-00C04F79EFBC}") = "BL", "LP2_TP_Library\BL.csproj", "{69E55C44-CA4D-46FA-97C7-10A1C04F9E60}"
EndProject
Project("{FAE04EC0-301F-11D3-BF4B-00C04F79EFBC}") = "BO", "Data\BO.csproj", "{E29107F8-87F5-4CDB-B4CF-0FDE4FEC169B}"
EndProject
Project("{FAE04EC0-301F-11D3-BF4B-00C04F79EFBC}") = "DL", "DL\DL.csproj", "{B49F3A48-0F29-4574-96D6-A006DABC89F1}"
EndProject
Global
	GlobalSection(SolutionConfigurationPlatforms) = preSolution
		Debug|Any CPU = Debug|Any CPU
		Release|Any CPU = Release|Any CPU
	EndGlobalSection
	GlobalSection(ProjectConfigurationPlatforms) = postSolution
		{97A9E028-AFF1-4F31-95C7-FEC1DAD049C0}.Debug|Any CPU.ActiveCfg = Debug|Any CPU
		{97A9E028-AFF1-4F31-95C7-FEC1DAD049C0}.Debug|Any CPU.Build.0 = Debug|Any CPU
		{97A9E028-AFF1-4F31-95C7-FEC1DAD049C0}.Release|Any CPU.ActiveCfg = Release|Any CPU
		{97A9E028-AFF1-4F31-95C7-FEC1DAD049C0}.Release|Any CPU.Build.0 = Release|Any CPU
		{69E55C44-CA4D-46FA-97C7-10A1C04F9E60}.Debug|Any CPU.ActiveCfg = Debug|Any CPU
		{69E55C44-CA4D-46FA-97C7-10A1C04F9E60}.Debug|Any CPU.Build.0 = Debug|Any CPU
		{69E55C44-CA4D-46FA-97C7-10A1C04F9E60}.Release|Any CPU.ActiveCfg = Release|Any CPU
		{69E55C44-CA4D-46FA-97C7-10A1C04F9E60}.Release|Any CPU.Build.0 = Release|Any CPU
		{E29107F8-87F5-4CDB-B4CF-0FDE4FEC169B}.Debug|Any CPU.ActiveCfg = Debug|Any CPU
		{E29107F8-87F5-4CDB-B4CF-0FDE4FEC169B}.Debug|Any CPU.Build.0 = Debug|Any CPU
		{E29107F8-87F5-4CDB-B4CF-0FDE4FEC169B}.Release|Any CPU.ActiveCfg = Release|Any CPU
		{E29107F8-87F5-4CDB-B4CF-0FDE4FEC169B}.Release|Any CPU.Build.0 = Release|Any CPU
		{B49F3A48-0F29-4574-96D6-A006DABC89F1}.Debug|Any CPU.ActiveCfg = Debug|Any CPU
		{B49F3A48-0F29-4574-96D6-A006DABC89F1}.Debug|Any CPU.Build.0 = Debug|Any CPU
		{B49F3A48-0F29-4574-96D6-A006DABC89F1}.Release|Any CPU.ActiveCfg = Release|Any CPU
		{B49F3A48-0F29-4574-96D6-A006DABC89F1}.Release|Any CPU.Build.0 = Release|Any CPU
	EndGlobalSection
	GlobalSection(SolutionProperties) = preSolution
		HideSolutionNode = FALSE
	EndGlobalSection
	GlobalSection(ExtensibilityGlobals) = postSolution
		SolutionGuid = {F1E37274-68C3-432E-AD8A-F4D1FF7529CD}
	EndGlobalSection
EndGlobal
