
Microsoft Visual Studio Solution File, Format Version 12.00
# Visual Studio 15
VisualStudioVersion = 15.0.28307.852
MinimumVisualStudioVersion = 10.0.40219.1
Project("{FAE04EC0-301F-11D3-BF4B-00C04F79EFBC}") = "Principal", "Principal\Principal.csproj", "{BDEC6CA6-D5A6-4666-AD5E-085A944002FA}"
EndProject
Project("{FAE04EC0-301F-11D3-BF4B-00C04F79EFBC}") = "BL", "BL\BL.csproj", "{77E663C3-95C8-4E44-BE5B-3FB2D4B22AC6}"
EndProject
Project("{FAE04EC0-301F-11D3-BF4B-00C04F79EFBC}") = "BO", "BO\BO.csproj", "{E80F5BB3-D282-4721-88D1-0258EC7E76CA}"
EndProject
Project("{FAE04EC0-301F-11D3-BF4B-00C04F79EFBC}") = "DL", "DL\DL.csproj", "{44131E5E-E706-4262-A08A-F9A5D920755A}"
EndProject
Global
	GlobalSection(SolutionConfigurationPlatforms) = preSolution
		Debug|Any CPU = Debug|Any CPU
		Release|Any CPU = Release|Any CPU
	EndGlobalSection
	GlobalSection(ProjectConfigurationPlatforms) = postSolution
		{BDEC6CA6-D5A6-4666-AD5E-085A944002FA}.Debug|Any CPU.ActiveCfg = Debug|Any CPU
		{BDEC6CA6-D5A6-4666-AD5E-085A944002FA}.Debug|Any CPU.Build.0 = Debug|Any CPU
		{BDEC6CA6-D5A6-4666-AD5E-085A944002FA}.Release|Any CPU.ActiveCfg = Release|Any CPU
		{BDEC6CA6-D5A6-4666-AD5E-085A944002FA}.Release|Any CPU.Build.0 = Release|Any CPU
		{77E663C3-95C8-4E44-BE5B-3FB2D4B22AC6}.Debug|Any CPU.ActiveCfg = Debug|Any CPU
		{77E663C3-95C8-4E44-BE5B-3FB2D4B22AC6}.Debug|Any CPU.Build.0 = Debug|Any CPU
		{77E663C3-95C8-4E44-BE5B-3FB2D4B22AC6}.Release|Any CPU.ActiveCfg = Release|Any CPU
		{77E663C3-95C8-4E44-BE5B-3FB2D4B22AC6}.Release|Any CPU.Build.0 = Release|Any CPU
		{E80F5BB3-D282-4721-88D1-0258EC7E76CA}.Debug|Any CPU.ActiveCfg = Debug|Any CPU
		{E80F5BB3-D282-4721-88D1-0258EC7E76CA}.Debug|Any CPU.Build.0 = Debug|Any CPU
		{E80F5BB3-D282-4721-88D1-0258EC7E76CA}.Release|Any CPU.ActiveCfg = Release|Any CPU
		{E80F5BB3-D282-4721-88D1-0258EC7E76CA}.Release|Any CPU.Build.0 = Release|Any CPU
		{44131E5E-E706-4262-A08A-F9A5D920755A}.Debug|Any CPU.ActiveCfg = Debug|Any CPU
		{44131E5E-E706-4262-A08A-F9A5D920755A}.Debug|Any CPU.Build.0 = Debug|Any CPU
		{44131E5E-E706-4262-A08A-F9A5D920755A}.Release|Any CPU.ActiveCfg = Release|Any CPU
		{44131E5E-E706-4262-A08A-F9A5D920755A}.Release|Any CPU.Build.0 = Release|Any CPU
	EndGlobalSection
	GlobalSection(SolutionProperties) = preSolution
		HideSolutionNode = FALSE
	EndGlobalSection
	GlobalSection(ExtensibilityGlobals) = postSolution
		SolutionGuid = {F1E37274-68C3-432E-AD8A-F4D1FF7529CD}
	EndGlobalSection
EndGlobal
